
Microsoft Visual Studio Solution File, Format Version 12.00
# Visual Studio Version 16
VisualStudioVersion = 16.0.30709.132
MinimumVisualStudioVersion = 10.0.40219.1
Project("{FAE04EC0-301F-11D3-BF4B-00C04F79EFBC}") = "Day4", "Day4.csproj", "{EB1F96D4-20EB-4CE8-B9FD-F5EBA4398A7C}"
EndProject
Global
	GlobalSection(SolutionConfigurationPlatforms) = preSolution
		Debug|Any CPU = Debug|Any CPU
		Release|Any CPU = Release|Any CPU
	EndGlobalSection
	GlobalSection(ProjectConfigurationPlatforms) = postSolution
		{EB1F96D4-20EB-4CE8-B9FD-F5EBA4398A7C}.Debug|Any CPU.ActiveCfg = Debug|Any CPU
		{EB1F96D4-20EB-4CE8-B9FD-F5EBA4398A7C}.Debug|Any CPU.Build.0 = Debug|Any CPU
		{EB1F96D4-20EB-4CE8-B9FD-F5EBA4398A7C}.Release|Any CPU.ActiveCfg = Release|Any CPU
		{EB1F96D4-20EB-4CE8-B9FD-F5EBA4398A7C}.Release|Any CPU.Build.0 = Release|Any CPU
	EndGlobalSection
	GlobalSection(SolutionProperties) = preSolution
		HideSolutionNode = FALSE
	EndGlobalSection
	GlobalSection(ExtensibilityGlobals) = postSolution
		SolutionGuid = {C09C3BF6-45AE-4F0E-8235-41B748D4AE29}
	EndGlobalSection
EndGlobal
